PODS:
  - Expecta (0.3.0)
  - FastAnimationWithPOP (0.0.2):
    - pop (~> 1.0.5)
  - pop (1.0.6)
  - Specta (0.2.1)

DEPENDENCIES:
  - Expecta (~> 0.3.0)
  - FastAnimationWithPOP (from `./`)
  - pop (~> 1.0.5)
  - Specta (~> 0.2.1)

EXTERNAL SOURCES:
  FastAnimationWithPOP:
    :path: ./

SPEC CHECKSUMS:
  Expecta: ce8a51b9fad15a2cd573b291cb2909aaed865350
  FastAnimationWithPOP: aeaf1ebd0a65f5a13e796f0bb81a56f37c45ff41
  pop: e518794da38942c05255eb64b36d894e70cb4f00
  Specta: 9141310f46b1f68b676650ff2854e1ed0b74163a

COCOAPODS: 0.33.1
